
Microsoft Visual Studio Solution File, Format Version 12.00
# Visual Studio 14
VisualStudioVersion = 14.0.24720.0
MinimumVisualStudioVersion = 10.0.40219.1
Project("{FAE04EC0-301F-11D3-BF4B-00C04F79EFBC}") = "FrangoFone.EntryPoint", "FrangoFone\FrangoFone.EntryPoint.csproj", "{9A3F264A-EC04-428D-99CC-5A4C3F894B4A}"
EndProject
Project("{FAE04EC0-301F-11D3-BF4B-00C04F79EFBC}") = "FrangoFone.Domain", "FrangoFone.Domain\FrangoFone.Domain.csproj", "{E9D403DE-704A-4DA4-8B70-DEE07C9527A6}"
EndProject
Project("{FAE04EC0-301F-11D3-BF4B-00C04F79EFBC}") = "FrangoFone.Repository", "FrangoFone.Repository\FrangoFone.Repository.csproj", "{9C32CE64-E28B-4FE1-9CC4-0F8099E1C411}"
EndProject
Project("{FAE04EC0-301F-11D3-BF4B-00C04F79EFBC}") = "FrangoFone.Infraestructure", "FrangoFone.Infraestructure\FrangoFone.Infraestructure.csproj", "{95937AA4-A71F-43AD-8AC9-58E3DC73085C}"
EndProject
Project("{FAE04EC0-301F-11D3-BF4B-00C04F79EFBC}") = "FrangoFone.Service", "FrangoFone.Service\FrangoFone.Service.csproj", "{81CC4730-9E6C-4318-95AE-E7D0D5B0D96D}"
EndProject
Global
	GlobalSection(SolutionConfigurationPlatforms) = preSolution
		Debug|Any CPU = Debug|Any CPU
		Release|Any CPU = Release|Any CPU
	EndGlobalSection
	GlobalSection(ProjectConfigurationPlatforms) = postSolution
		{9A3F264A-EC04-428D-99CC-5A4C3F894B4A}.Debug|Any CPU.ActiveCfg = Debug|Any CPU
		{9A3F264A-EC04-428D-99CC-5A4C3F894B4A}.Debug|Any CPU.Build.0 = Debug|Any CPU
		{9A3F264A-EC04-428D-99CC-5A4C3F894B4A}.Release|Any CPU.ActiveCfg = Release|Any CPU
		{9A3F264A-EC04-428D-99CC-5A4C3F894B4A}.Release|Any CPU.Build.0 = Release|Any CPU
		{E9D403DE-704A-4DA4-8B70-DEE07C9527A6}.Debug|Any CPU.ActiveCfg = Debug|Any CPU
		{E9D403DE-704A-4DA4-8B70-DEE07C9527A6}.Debug|Any CPU.Build.0 = Debug|Any CPU
		{E9D403DE-704A-4DA4-8B70-DEE07C9527A6}.Release|Any CPU.ActiveCfg = Release|Any CPU
		{E9D403DE-704A-4DA4-8B70-DEE07C9527A6}.Release|Any CPU.Build.0 = Release|Any CPU
		{9C32CE64-E28B-4FE1-9CC4-0F8099E1C411}.Debug|Any CPU.ActiveCfg = Debug|Any CPU
		{9C32CE64-E28B-4FE1-9CC4-0F8099E1C411}.Debug|Any CPU.Build.0 = Debug|Any CPU
		{9C32CE64-E28B-4FE1-9CC4-0F8099E1C411}.Release|Any CPU.ActiveCfg = Release|Any CPU
		{9C32CE64-E28B-4FE1-9CC4-0F8099E1C411}.Release|Any CPU.Build.0 = Release|Any CPU
		{95937AA4-A71F-43AD-8AC9-58E3DC73085C}.Debug|Any CPU.ActiveCfg = Debug|Any CPU
		{95937AA4-A71F-43AD-8AC9-58E3DC73085C}.Debug|Any CPU.Build.0 = Debug|Any CPU
		{95937AA4-A71F-43AD-8AC9-58E3DC73085C}.Release|Any CPU.ActiveCfg = Release|Any CPU
		{95937AA4-A71F-43AD-8AC9-58E3DC73085C}.Release|Any CPU.Build.0 = Release|Any CPU
		{81CC4730-9E6C-4318-95AE-E7D0D5B0D96D}.Debug|Any CPU.ActiveCfg = Debug|Any CPU
		{81CC4730-9E6C-4318-95AE-E7D0D5B0D96D}.Debug|Any CPU.Build.0 = Debug|Any CPU
		{81CC4730-9E6C-4318-95AE-E7D0D5B0D96D}.Release|Any CPU.ActiveCfg = Release|Any CPU
		{81CC4730-9E6C-4318-95AE-E7D0D5B0D96D}.Release|Any CPU.Build.0 = Release|Any CPU
	EndGlobalSection
	GlobalSection(SolutionProperties) = preSolution
		HideSolutionNode = FALSE
	EndGlobalSection
EndGlobal
